github.com/HotelsDotCom/flyte-client v0.0.0-20180516111346-cfdc49ada2b0/go.mod h1:JOi5h1FIz9nT+e1DBXjcMrHD5TMx9vYL1HjlRjFUP9k=
github.com/HotelsDotCom/go-docker-client v0.0.0-20180416102915-569c194a5d2d h1:eEUv5K4YqixayQznBQANMQsKbl4+QAfa2lt2YYBgYpk=
github.com/HotelsDotCom/go-docker-client v0.0.0-20180416102915-569c194a5d2d/go.mod h1:lrrhb1l2sRDhimivJfB3rqwofV3ujEYIxyI6Wthb6qc=
github.com/HotelsDotCom/go-logger v0.0.0-20180416124740-80a244c898b0 h1:FkUdYrOfcyxeo2jT58M21zTA4QZ1EYWXTRi+wQviVNY=
github.com/HotelsDotCom/go-logger v0.0.0-20180416124740-80a244c898b0/go.mod h1:rvobSJoTaXXfnosmzN6/TT7EGplWZoZZB2GSO1xGG9g=
github.com/Microsoft/go-winio v0.4.7/go.mod h1:VhR8bwka0BXejwEJY73c50VrPtXAaKcyvVC4A4RozmA=
github.com/coreos/go-oidc v0.0.0-20180117170138-065b426bd416 h1:X+JQSgXg3CcxgcBoMAqU8NoS0fch8zHxjiKWcXclxaI=
github.com/coreos/go-oidc v0.0.0-20180117170138-065b426bd416/go.mod h1:CgnwVTmzoESiwO9qyAFEMiHoZ1nMCKZlZ9V6mm3/LKc=
github.com/davecgh/go-spew v1.1.0/go.mod h1:J7Y8YcW2NihsgmVo/mv3lAwl/skON4iLHjSsI+c5H38=
github.com/dgrijalva/jwt-go v3.2.0+incompatible h1:7qlOGliEKZXTDg6OTjfoBKDXWrumCAMpl/TFQ4/5kLM=
github.com/dgrijalva/jwt-go v3.2.0+incompatible/go.mod h1:E3ru+11k8xSBh+hMPgOLZmtrrCbhqsmaPHjLKYnJCaQ=
github.com/docker/distribution v2.6.2+incompatible h1:4FI6af79dfCS/CYb+RRtkSHw3q1L/bnDjG1PcPZtQhM=
github.com/docker/distribution v2.6.2+incompatible/go.mod h1:J2gT2udsDAN96Uj4KfcMRqY0/ypR+oyYUYmja8H+y+w=
github.com/docker/docker v1.13.1 h1:IkZjBSIc8hBjLpqeAbeE5mca5mNgeatLHBy3GO78BWo=
github.com/docker/docker v1.13.1/go.mod h1:eEKB0N0r5NX/I1kEveEz05bcu8tLC/8azJZsviup8Sk=
github.com/docker/go-connections v0.3.0 h1:3lOnM9cSzgGwx8VfK/NGOW5fLQ0GjIlCkaktF+n1M6o=
github.com/docker/go-connections v0.3.0/go.mod h1:Gbd7IOopHjR8Iph03tsViu4nIes5XhDvyHbTtUxmeec=
github.com/docker/go-units v0.3.3 h1:Xk8S3Xj5sLGlG5g67hJmYMmUgXv5N4PhkjJHHqrwnTk=
github.com/docker/go-units v0.3.3/go.mod h1:fgPhTUdO+D/Jk86RDLlptpiXQzgHJF7gydDDbaIK4Dk=
github.com/flosch/pongo2 v0.0.0-20180412215150-e7cf9ea5ca9c h1:O4WhF1tuoQ15fOKlo8D8V/6F/lde501f8kULPitKg6c=
github.com/flosch/pongo2 v0.0.0-20180412215150-e7cf9ea5ca9c/go.mod h1:rE0ErqqBaMcp9pzj8JxV1GcfDBpuypXYxlR1c37AUwg=
github.com/ghodss/yaml v1.0.0 h1:wQHKEahhL6wmXdzwWG11gIVCkOv05bNOh+Rxn0yngAk=
github.com/ghodss/yaml v1.0.0/go.mod h1:4dBDuWmgqj2HViK6kFavaiC9ZROes6MMH2rRYeMEF04=
github.com/go-yaml/yaml v2.1.0+incompatible h1:RYi2hDdss1u4YE7GwixGzWwVo47T8UQwnTLB6vQiq+o=
github.com/go-yaml/yaml v2.1.0+incompatible/go.mod h1:w2MrLa16VYP0jy6N7M5kHaCkaLENm+P+Tv+MfurjSw0=
github.com/golang/protobuf v1.0.0/go.mod h1:6lQm79b+lXiMfvg/cZm0SGofjICqVBUtrP5yJMmIC1U=
github.com/gorhill/cronexpr v0.0.0-20180305142311-fcf95785ff88 h1:nkopSDMiUN+IYlxBomneL73ObF0tDNua/6WGSKRSaak=
github.com/gorhill/cronexpr v0.0.0-20180305142311-fcf95785ff88/go.mod h1:g2644b03hfBX9Ov0ZBDgXXens4rxSxmqFBbhvKv2yVA=
github.com/husobee/vestigo v1.1.0/go.mod h1:JigD7C8lzUfpo1uzqYgefpyZLswrtJbAQxMw7ds7YCE=
github.com/jasonlvhit/gocron v0.0.0-20190807165158-02e46f9ad554 h1:Qbote/akfC8hawzAVG4Z3D5VcXvAcINmQl1jOxqnLBs=
github.com/jasonlvhit/gocron v0.0.0-20190807165158-02e46f9ad554/go.mod h1:rwi/esz/h+4oWLhbWWK7f6dtmgLzxeZhnwGr7MCsTNk=
github.com/juju/errors v0.0.0-20170703010042-c7d06af17c68 h1:d2hBkTvi7B89+OXY8+bBBshPlc+7JYacGrG/dFak8SQ=
github.com/juju/errors v0.0.0-20170703010042-c7d06af17c68/go.mod h1:W54LbzXuIE0boCoNJfwqpmkKJ1O4TCTZMetAt6jGk7Q=
github.com/pkg/errors v0.8.0 h1:WdK/asTD0HN+q6hsWO3/vpuAkAr+tw6aNJNDFFf0+qw=
github.com/pkg/errors v0.8.0/go.mod h1:bwawxfHBFNV+L2hUp1rHADufV3IMtnDRdf1r5NINEl0=
github.com/pmezard/go-difflib v1.0.0/go.mod h1:iKH77koFhYxTK1pcRnkKkqfTogsbg7gZNVY4sRDYZ/4=
github.com/pquerna/cachecontrol v0.0.0-20180306154005-525d0eb5f91d h1:7gXyC293Lsm2YWgQ+0uaAFFFDO82ruiQSwc3ua+Vtlc=
github.com/pquerna/cachecontrol v0.0.0-20180306154005-525d0eb5f91d/go.mod h1:prYjPmNq4d1NPVmpShWobRqXY3q7Vp+80DqgxxUrUIA=
github.com/stretchr/testify v1.2.1 h1:52QO5WkIUcHGIR7EnGagH88x1bUzqGXTC5/1bDTUQ7U=
github.com/stretchr/testify v1.2.1/go.mod h1:a8OnRcib4nhh0OaRAV+Yts87kKdq0PP7pXfy6kDkUVs=
golang.org/x/crypto v0.0.0-20180411161317-d6449816ce06 h1:EOqG0JqGlLr+punVB69jvWCv/ErZKGlC7PMdyHfv+Bc=
golang.org/x/crypto v0.0.0-20180411161317-d6449816ce06/go.mod h1:6SG95UA2DQfeDnfUPMdvaQW0Q7yPrPDi9nlGo2tz2b4=
golang.org/x/net v0.0.0-20180415214307-500e7a4f953d h1:YbPBOQdSo5fFDiZgBDcltE4XjtOLk2wUw16mtGFpoOg=
golang.org/x/net v0.0.0-20180415214307-500e7a4f953d/go.mod h1:mL1N/T3taQHkDXs73rZJwtUhF3w3ftmwwsq0BUmARs4=
golang.org/x/oauth2 v0.0.0-20180402223937-921ae394b943 h1:hE+k6oRG1aru6/y8A0HI01Zqp65EZcUcKToTkbPsFFM=
golang.org/x/oauth2 v0.0.0-20180402223937-921ae394b943/go.mod h1:N/0e6XlmueqKjAGxoOufVs8QHGRruUQn6yWY3a++T0U=
golang.org/x/sys v0.0.0-20180416112224-2f57af4873d0/go.mod h1:STP8DvDyc/dI5b8T5hshtkjS+E42TnysNCUPdjciGhY=
google.golang.org/appengine v1.0.0/go.mod h1:EbEs0AVv82hx2wNQdGPgUI5lhzA/G0D9YwlJXL52JkM=
gopkg.in/check.v1 v0.0.0-20161208181325-20d25e280405/go.mod h1:Co6ibVJAznAaIkqp8huTwlJQCZ016jof/cbN4VW5Yz0=
gopkg.in/mgo.v2 v2.0.0-20160818020120-3f83fa500528 h1:/saqWwm73dLmuzbNhe92F0QsZ/KiFND+esHco2v1hiY=
gopkg.in/mgo.v2 v2.0.0-20160818020120-3f83fa500528/go.mod h1:yeKp02qBN3iKW1OzL3MGk2IdtZzaj7SFntXj72NppTA=
gopkg.in/square/go-jose.v2 v2.1.6 h1:oB3Nsrhs3CNwP1t2WZ/eGtjH8BQhmcGx3zD8Lla+NjA=
gopkg.in/square/go-jose.v2 v2.1.6/go.mod h1:M9dMgbHiYLoDGQrXy7OpJDJWiKiU//h+vD76mk0e1AI=
gopkg.in/yaml.v2 v2.2.1/go.mod h1:hI93XBmqTisBFMUTm0b8Fm+jr3Dg1NNxqwp+5A1VGuI=
gopkg.in/yaml.v2 v2.2.2/go.mod h1:hI93XBmqTisBFMUTm0b8Fm+jr3Dg1NNxqwp+5A1VGuI=
