# This file is autogenerated, do not edit; changes may be undone by the next 'dep ensure'.


[[projects]]
  branch = "master"
  name = "github.com/HotelsDotCom/flyte-client"
  packages = [
    "client",
    "config",
    "flyte",
    "healthcheck"
  ]
  revision = "9110d5b30841c17b939e9a5ffc01b378d4fd0d27"

[[projects]]
  branch = "master"
  name = "github.com/HotelsDotCom/go-logger"
  packages = ["."]
  revision = "7ad81ddd2dfcc6f40286388dc89024bd1f128f05"

[solve-meta]
  analyzer-name = "dep"
  analyzer-version = 1
  inputs-digest = "25a7724cd12be0bda091c505b2509eaa5aed0c3ae699c9efa61d256a447d54ca"
  solver-name = "gps-cdcl"
  solver-version = 1
